// !$*UTF8*$!
{
	archiveVersion = 1;
	classes = {
	};
	objectVersion = 56;
	objects = {

/* Begin PBXBuildFile section */
		2865DFE02BDBEE3600BC713B /* UdderApp.swift in Sources */ = {isa = PBXBuildFile; fileRef = 2865DFDF2BDBEE3600BC713B /* UdderApp.swift */; };
		2865DFE22BDBEE3600BC713B /* ContentView.swift in Sources */ = {isa = PBXBuildFile; fileRef = 2865DFE12BDBEE3600BC713B /* ContentView.swift */; };
		2865DFE42BDBEE3700BC713B /* Assets.xcassets in Resources */ = {isa = PBXBuildFile; fileRef = 2865DFE32BDBEE3700BC713B /* Assets.xcassets */; };
		2865DFE72BDBEE3700BC713B /* Preview Assets.xcassets in Resources */ = {isa = PBXBuildFile; fileRef = 2865DFE62BDBEE3700BC713B /* Preview Assets.xcassets */; };
		2865DFF12BDBEE3700BC713B /* UdderTests.swift in Sources */ = {isa = PBXBuildFile; fileRef = 2865DFF02BDBEE3700BC713B /* UdderTests.swift */; };
		2865DFFB2BDBEE3700BC713B /* UdderUITests.swift in Sources */ = {isa = PBXBuildFile; fileRef = 2865DFFA2BDBEE3700BC713B /* UdderUITests.swift */; };
		2865DFFD2BDBEE3700BC713B /* UdderUITestsLaunchTests.swift in Sources */ = {isa = PBXBuildFile; fileRef = 2865DFFC2BDBEE3700BC713B /* UdderUITestsLaunchTests.swift */; };
/* End PBXBuildFile section */

/* Begin PBXContainerItemProxy section */
		2865DFED2BDBEE3700BC713B /* PBXContainerItemProxy */ = {
			isa = PBXContainerItemProxy;
			containerPortal = 2865DFD42BDBEE3600BC713B /* Project object */;
			proxyType = 1;
			remoteGlobalIDString = 2865DFDB2BDBEE3600BC713B;
			remoteInfo = Udder;
		};
		2865DFF72BDBEE3700BC713B /* PBXContainerItemProxy */ = {
			isa = PBXContainerItemProxy;
			containerPortal = 2865DFD42BDBEE3600BC713B /* Project object */;
			proxyType = 1;
			remoteGlobalIDString = 2865DFDB2BDBEE3600BC713B;
			remoteInfo = Udder;
		};
/* End PBXContainerItemProxy section */

/* Begin PBXFileReference section */
		2865DFDC2BDBEE3600BC713B /* Udder.app */ = {isa = PBXFileReference; explicitFileType = wrapper.application; includeInIndex = 0; path = Udder.app; sourceTree = BUILT_PRODUCTS_DIR; };
		2865DFDF2BDBEE3600BC713B /* UdderApp.swift */ = {isa = PBXFileReference; lastKnownFileType = sourcecode.swift; path = UdderApp.swift; sourceTree = "<group>"; };
		2865DFE12BDBEE3600BC713B /* ContentView.swift */ = {isa = PBXFileReference; lastKnownFileType = sourcecode.swift; path = ContentView.swift; sourceTree = "<group>"; };
		2865DFE32BDBEE3700BC713B /* Assets.xcassets */ = {isa = PBXFileReference; lastKnownFileType = folder.assetcatalog; path = Assets.xcassets; sourceTree = "<group>"; };
		2865DFE62BDBEE3700BC713B /* Preview Assets.xcassets */ = {isa = PBXFileReference; lastKnownFileType = folder.assetcatalog; path = "Preview Assets.xcassets"; sourceTree = "<group>"; };
		2865DFEC2BDBEE3700BC713B /* UdderTests.xctest */ = {isa = PBXFileReference; explicitFileType = wrapper.cfbundle; includeInIndex = 0; path = UdderTests.xctest; sourceTree = BUILT_PRODUCTS_DIR; };
		2865DFF02BDBEE3700BC713B /* UdderTests.swift */ = {isa = PBXFileReference; lastKnownFileType = sourcecode.swift; path = UdderTests.swift; sourceTree = "<group>"; };
		2865DFF62BDBEE3700BC713B /* UdderUITests.xctest */ = {isa = PBXFileReference; explicitFileType = wrapper.cfbundle; includeInIndex = 0; path = UdderUITests.xctest; sourceTree = BUILT_PRODUCTS_DIR; };
		2865DFFA2BDBEE3700BC713B /* UdderUITests.swift */ = {isa = PBXFileReference; lastKnownFileType = sourcecode.swift; path = UdderUITests.swift; sourceTree = "<group>"; };
		2865DFFC2BDBEE3700BC713B /* UdderUITestsLaunchTests.swift */ = {isa = PBXFileReference; lastKnownFileType = sourcecode.swift; path = UdderUITestsLaunchTests.swift; sourceTree = "<group>"; };
/* End PBXFileReference section */

/* Begin PBXFrameworksBuildPhase section */
		2865DFD92BDBEE3600BC713B /* Frameworks */ = {
			isa = PBXFrameworksBuildPhase;
			buildActionMask = 2147483647;
			files = (
			);
			runOnlyForDeploymentPostprocessing = 0;
		};
		2865DFE92BDBEE3700BC713B /* Frameworks */ = {
			isa = PBXFrameworksBuildPhase;
			buildActionMask = 2147483647;
			files = (
			);
			runOnlyForDeploymentPostprocessing = 0;
		};
		2865DFF32BDBEE3700BC713B /* Frameworks */ = {
			isa = PBXFrameworksBuildPhase;
			buildActionMask = 2147483647;
			files = (
			);
			runOnlyForDeploymentPostprocessing = 0;
		};
/* End PBXFrameworksBuildPhase section */

/* Begin PBXGroup section */
		2865DFD32BDBEE3600BC713B = {
			isa = PBXGroup;
			children = (
				2865DFDE2BDBEE3600BC713B /* Udder */,
				2865DFEF2BDBEE3700BC713B /* UdderTests */,
				2865DFF92BDBEE3700BC713B /* UdderUITests */,
				2865DFDD2BDBEE3600BC713B /* Products */,
			);
			sourceTree = "<group>";
		};
		2865DFDD2BDBEE3600BC713B /* Products */ = {
			isa = PBXGroup;
			children = (
				2865DFDC2BDBEE3600BC713B /* Udder.app */,
				2865DFEC2BDBEE3700BC713B /* UdderTests.xctest */,
				2865DFF62BDBEE3700BC713B /* UdderUITests.xctest */,
			);
			name = Products;
			sourceTree = "<group>";
		};
		2865DFDE2BDBEE3600BC713B /* Udder */ = {
			isa = PBXGroup;
			children = (
				2865DFDF2BDBEE3600BC713B /* UdderApp.swift */,
				2865DFE12BDBEE3600BC713B /* ContentView.swift */,
				2865DFE32BDBEE3700BC713B /* Assets.xcassets */,
				2865DFE52BDBEE3700BC713B /* Preview Content */,
			);
			path = Udder;
			sourceTree = "<group>";
		};
		2865DFE52BDBEE3700BC713B /* Preview Content */ = {
			isa = PBXGroup;
			children = (
				2865DFE62BDBEE3700BC713B /* Preview Assets.xcassets */,
			);
			path = "Preview Content";
			sourceTree = "<group>";
		};
		2865DFEF2BDBEE3700BC713B /* UdderTests */ = {
			isa = PBXGroup;
			children = (
				2865DFF02BDBEE3700BC713B /* UdderTests.swift */,
			);
			path = UdderTests;
			sourceTree = "<group>";
		};
		2865DFF92BDBEE3700BC713B /* UdderUITests */ = {
			isa = PBXGroup;
			children = (
				2865DFFA2BDBEE3700BC713B /* UdderUITests.swift */,
				2865DFFC2BDBEE3700BC713B /* UdderUITestsLaunchTests.swift */,
			);
			path = UdderUITests;
			sourceTree = "<group>";
		};
/* End PBXGroup section */

/* Begin PBXNativeTarget section */
		2865DFDB2BDBEE3600BC713B /* Udder */ = {
			isa = PBXNativeTarget;
			buildConfigurationList = 2865E0002BDBEE3700BC713B /* Build configuration list for PBXNativeTarget "Udder" */;
			buildPhases = (
				2865DFD82BDBEE3600BC713B /* Sources */,
				2865DFD92BDBEE3600BC713B /* Frameworks */,
				2865DFDA2BDBEE3600BC713B /* Resources */,
			);
			buildRules = (
			);
			dependencies = (
			);
			name = Udder;
			productName = Udder;
			productReference = 2865DFDC2BDBEE3600BC713B /* Udder.app */;
			productType = "com.apple.product-type.application";
		};
		2865DFEB2BDBEE3700BC713B /* UdderTests */ = {
			isa = PBXNativeTarget;
			buildConfigurationList = 2865E0032BDBEE3700BC713B /* Build configuration list for PBXNativeTarget "UdderTests" */;
			buildPhases = (
				2865DFE82BDBEE3700BC713B /* Sources */,
				2865DFE92BDBEE3700BC713B /* Frameworks */,
				2865DFEA2BDBEE3700BC713B /* Resources */,
			);
			buildRules = (
			);
			dependencies = (
				2865DFEE2BDBEE3700BC713B /* PBXTargetDependency */,
			);
			name = UdderTests;
			productName = UdderTests;
			productReference = 2865DFEC2BDBEE3700BC713B /* UdderTests.xctest */;
			productType = "com.apple.product-type.bundle.unit-test";
		};
		2865DFF52BDBEE3700BC713B /* UdderUITests */ = {
			isa = PBXNativeTarget;
			buildConfigurationList = 2865E0062BDBEE3700BC713B /* Build configuration list for PBXNativeTarget "UdderUITests" */;
			buildPhases = (
				2865DFF22BDBEE3700BC713B /* Sources */,
				2865DFF32BDBEE3700BC713B /* Frameworks */,
				2865DFF42BDBEE3700BC713B /* Resources */,
			);
			buildRules = (
			);
			dependencies = (
				2865DFF82BDBEE3700BC713B /* PBXTargetDependency */,
			);
			name = UdderUITests;
			productName = UdderUITests;
			productReference = 2865DFF62BDBEE3700BC713B /* UdderUITests.xctest */;
			productType = "com.apple.product-type.bundle.ui-testing";
		};
/* End PBXNativeTarget section */

/* Begin PBXProject section */
		2865DFD42BDBEE3600BC713B /* Project object */ = {
			isa = PBXProject;
			attributes = {
				BuildIndependentTargetsInParallel = 1;
				LastSwiftUpdateCheck = 1530;
				LastUpgradeCheck = 1530;
				TargetAttributes = {
					2865DFDB2BDBEE3600BC713B = {
						CreatedOnToolsVersion = 15.3;
					};
					2865DFEB2BDBEE3700BC713B = {
						CreatedOnToolsVersion = 15.3;
						TestTargetID = 2865DFDB2BDBEE3600BC713B;
					};
					2865DFF52BDBEE3700BC713B = {
						CreatedOnToolsVersion = 15.3;
						TestTargetID = 2865DFDB2BDBEE3600BC713B;
					};
				};
			};
			buildConfigurationList = 2865DFD72BDBEE3600BC713B /* Build configuration list for PBXProject "Udder" */;
			compatibilityVersion = "Xcode 14.0";
			developmentRegion = en;
			hasScannedForEncodings = 0;
			knownRegions = (
				en,
				Base,
			);
			mainGroup = 2865DFD32BDBEE3600BC713B;
			productRefGroup = 2865DFDD2BDBEE3600BC713B /* Products */;
			projectDirPath = "";
			projectRoot = "";
			targets = (
				2865DFDB2BDBEE3600BC713B /* Udder */,
				2865DFEB2BDBEE3700BC713B /* UdderTests */,
				2865DFF52BDBEE3700BC713B /* UdderUITests */,
			);
		};
/* End PBXProject section */

/* Begin PBXResourcesBuildPhase section */
		2865DFDA2BDBEE3600BC713B /* Resources */ = {
			isa = PBXResourcesBuildPhase;
			buildActionMask = 2147483647;
			files = (
				2865DFE72BDBEE3700BC713B /* Preview Assets.xcassets in Resources */,
				2865DFE42BDBEE3700BC713B /* Assets.xcassets in Resources */,
			);
			runOnlyForDeploymentPostprocessing = 0;
		};
		2865DFEA2BDBEE3700BC713B /* Resources */ = {
			isa = PBXResourcesBuildPhase;
			buildActionMask = 2147483647;
			files = (
			);
			runOnlyForDeploymentPostprocessing = 0;
		};
		2865DFF42BDBEE3700BC713B /* Resources */ = {
			isa = PBXResourcesBuildPhase;
			buildActionMask = 2147483647;
			files = (
			);
			runOnlyForDeploymentPostprocessing = 0;
		};
/* End PBXResourcesBuildPhase section */

/* Begin PBXSourcesBuildPhase section */
		2865DFD82BDBEE3600BC713B /* Sources */ = {
			isa = PBXSourcesBuildPhase;
			buildActionMask = 2147483647;
			files = (
				2865DFE22BDBEE3600BC713B /* ContentView.swift in Sources */,
				2865DFE02BDBEE3600BC713B /* UdderApp.swift in Sources */,
			);
			runOnlyForDeploymentPostprocessing = 0;
		};
		2865DFE82BDBEE3700BC713B /* Sources */ = {
			isa = PBXSourcesBuildPhase;
			buildActionMask = 2147483647;
			files = (
				2865DFF12BDBEE3700BC713B /* UdderTests.swift in Sources */,
			);
			runOnlyForDeploymentPostprocessing = 0;
		};
		2865DFF22BDBEE3700BC713B /* Sources */ = {
			isa = PBXSourcesBuildPhase;
			buildActionMask = 2147483647;
			files = (
				2865DFFB2BDBEE3700BC713B /* UdderUITests.swift in Sources */,
				2865DFFD2BDBEE3700BC713B /* UdderUITestsLaunchTests.swift in Sources */,
			);
			runOnlyForDeploymentPostprocessing = 0;
		};
/* End PBXSourcesBuildPhase section */

/* Begin PBXTargetDependency section */
		2865DFEE2BDBEE3700BC713B /* PBXTargetDependency */ = {
			isa = PBXTargetDependency;
			target = 2865DFDB2BDBEE3600BC713B /* Udder */;
			targetProxy = 2865DFED2BDBEE3700BC713B /* PBXContainerItemProxy */;
		};
		2865DFF82BDBEE3700BC713B /* PBXTargetDependency */ = {
			isa = PBXTargetDependency;
			target = 2865DFDB2BDBEE3600BC713B /* Udder */;
			targetProxy = 2865DFF72BDBEE3700BC713B /* PBXContainerItemProxy */;
		};
/* End PBXTargetDependency section */

/* Begin XCBuildConfiguration section */
		2865DFFE2BDBEE3700BC713B /* Debug */ = {
			isa = XCBuildConfiguration;
			buildSettings = {
				ALWAYS_SEARCH_USER_PATHS = NO;
				ASSETCATALOG_COMPILER_GENERATE_SWIFT_ASSET_SYMBOL_EXTENSIONS = YES;
				CLANG_ANALYZER_NONNULL = YES;
				CLANG_ANALYZER_NUMBER_OBJECT_CONVERSION = YES_AGGRESSIVE;
				CLANG_CXX_LANGUAGE_STANDARD = "gnu++20";
				CLANG_ENABLE_MODULES = YES;
				CLANG_ENABLE_OBJC_ARC = YES;
				CLANG_ENABLE_OBJC_WEAK = YES;
				CLANG_WARN_BLOCK_CAPTURE_AUTORELEASING = YES;
				CLANG_WARN_BOOL_CONVERSION = YES;
				CLANG_WARN_COMMA = YES;
				CLANG_WARN_CONSTANT_CONVERSION = YES;
				CLANG_WARN_DEPRECATED_OBJC_IMPLEMENTATIONS = YES;
				CLANG_WARN_DIRECT_OBJC_ISA_USAGE = YES_ERROR;
				CLANG_WARN_DOCUMENTATION_COMMENTS = YES;
				CLANG_WARN_EMPTY_BODY = YES;
				CLANG_WARN_ENUM_CONVERSION = YES;
				CLANG_WARN_INFINITE_RECURSION = YES;
				CLANG_WARN_INT_CONVERSION = YES;
				CLANG_WARN_NON_LITERAL_NULL_CONVERSION = YES;
				CLANG_WARN_OBJC_IMPLICIT_RETAIN_SELF = YES;
				CLANG_WARN_OBJC_LITERAL_CONVERSION = YES;
				CLANG_WARN_OBJC_ROOT_CLASS = YES_ERROR;
				CLANG_WARN_QUOTED_INCLUDE_IN_FRAMEWORK_HEADER = YES;
				CLANG_WARN_RANGE_LOOP_ANALYSIS = YES;
				CLANG_WARN_STRICT_PROTOTYPES = YES;
				CLANG_WARN_SUSPICIOUS_MOVE = YES;
				CLANG_WARN_UNGUARDED_AVAILABILITY = YES_AGGRESSIVE;
				CLANG_WARN_UNREACHABLE_CODE = YES;
				CLANG_WARN__DUPLICATE_METHOD_MATCH = YES;
				COPY_PHASE_STRIP = NO;
				DEBUG_INFORMATION_FORMAT = dwarf;
				ENABLE_STRICT_OBJC_MSGSEND = YES;
				ENABLE_TESTABILITY = YES;
				ENABLE_USER_SCRIPT_SANDBOXING = YES;
				GCC_C_LANGUAGE_STANDARD = gnu17;
				GCC_DYNAMIC_NO_PIC = NO;
				GCC_NO_COMMON_BLOCKS = YES;
				GCC_OPTIMIZATION_LEVEL = 0;
				GCC_PREPROCESSOR_DEFINITIONS = (
					"DEBUG=1",
					"$(inherited)",
				);
				GCC_WARN_64_TO_32_BIT_CONVERSION = YES;
				GCC_WARN_ABOUT_RETURN_TYPE = YES_ERROR;
				GCC_WARN_UNDECLARED_SELECTOR = YES;
				GCC_WARN_UNINITIALIZED_AUTOS = YES_AGGRESSIVE;
				GCC_WARN_UNUSED_FUNCTION = YES;
				GCC_WARN_UNUSED_VARIABLE = YES;
				IPHONEOS_DEPLOYMENT_TARGET = 17.4;
				LOCALIZATION_PREFERS_STRING_CATALOGS = YES;
				MTL_ENABLE_DEBUG_INFO = INCLUDE_SOURCE;
				MTL_FAST_MATH = YES;
				ONLY_ACTIVE_ARCH = YES;
				SDKROOT = iphoneos;
				SWIFT_ACTIVE_COMPILATION_CONDITIONS = "DEBUG $(inherited)";
				SWIFT_OPTIMIZATION_LEVEL = "-Onone";
			};
			name = Debug;
		};
		2865DFFF2BDBEE3700BC713B /* Release */ = {
			isa = XCBuildConfiguration;
			buildSettings = {
				ALWAYS_SEARCH_USER_PATHS = NO;
				ASSETCATALOG_COMPILER_GENERATE_SWIFT_ASSET_SYMBOL_EXTENSIONS = YES;
				CLANG_ANALYZER_NONNULL = YES;
				CLANG_ANALYZER_NUMBER_OBJECT_CONVERSION = YES_AGGRESSIVE;
				CLANG_CXX_LANGUAGE_STANDARD = "gnu++20";
				CLANG_ENABLE_MODULES = YES;
				CLANG_ENABLE_OBJC_ARC = YES;
				CLANG_ENABLE_OBJC_WEAK = YES;
				CLANG_WARN_BLOCK_CAPTURE_AUTORELEASING = YES;
				CLANG_WARN_BOOL_CONVERSION = YES;
				CLANG_WARN_COMMA = YES;
				CLANG_WARN_CONSTANT_CONVERSION = YES;
				CLANG_WARN_DEPRECATED_OBJC_IMPLEMENTATIONS = YES;
				CLANG_WARN_DIRECT_OBJC_ISA_USAGE = YES_ERROR;
				CLANG_WARN_DOCUMENTATION_COMMENTS = YES;
				CLANG_WARN_EMPTY_BODY = YES;
				CLANG_WARN_ENUM_CONVERSION = YES;
				CLANG_WARN_INFINITE_RECURSION = YES;
				CLANG_WARN_INT_CONVERSION = YES;
				CLANG_WARN_NON_LITERAL_NULL_CONVERSION = YES;
				CLANG_WARN_OBJC_IMPLICIT_RETAIN_SELF = YES;
				CLANG_WARN_OBJC_LITERAL_CONVERSION = YES;
				CLANG_WARN_OBJC_ROOT_CLASS = YES_ERROR;
				CLANG_WARN_QUOTED_INCLUDE_IN_FRAMEWORK_HEADER = YES;
				CLANG_WARN_RANGE_LOOP_ANALYSIS = YES;
				CLANG_WARN_STRICT_PROTOTYPES = YES;
				CLANG_WARN_SUSPICIOUS_MOVE = YES;
				CLANG_WARN_UNGUARDED_AVAILABILITY = YES_AGGRESSIVE;
				CLANG_WARN_UNREACHABLE_CODE = YES;
				CLANG_WARN__DUPLICATE_METHOD_MATCH = YES;
				COPY_PHASE_STRIP = NO;
				DEBUG_INFORMATION_FORMAT = "dwarf-with-dsym";
				ENABLE_NS_ASSERTIONS = NO;
				ENABLE_STRICT_OBJC_MSGSEND = YES;
				ENABLE_USER_SCRIPT_SANDBOXING = YES;
				GCC_C_LANGUAGE_STANDARD = gnu17;
				GCC_NO_COMMON_BLOCKS = YES;
				GCC_WARN_64_TO_32_BIT_CONVERSION = YES;
				GCC_WARN_ABOUT_RETURN_TYPE = YES_ERROR;
				GCC_WARN_UNDECLARED_SELECTOR = YES;
				GCC_WARN_UNINITIALIZED_AUTOS = YES_AGGRESSIVE;
				GCC_WARN_UNUSED_FUNCTION = YES;
				GCC_WARN_UNUSED_VARIABLE = YES;
				IPHONEOS_DEPLOYMENT_TARGET = 17.4;
				LOCALIZATION_PREFERS_STRING_CATALOGS = YES;
				MTL_ENABLE_DEBUG_INFO = NO;
				MTL_FAST_MATH = YES;
				SDKROOT = iphoneos;
				SWIFT_COMPILATION_MODE = wholemodule;
				VALIDATE_PRODUCT = YES;
			};
			name = Release;
		};
		2865E0012BDBEE3700BC713B /* Debug */ = {
			isa = XCBuildConfiguration;
			buildSettings = {
				ASSETCATALOG_COMPILER_APPICON_NAME = AppIcon;
				ASSETCATALOG_COMPILER_GLOBAL_ACCENT_COLOR_NAME = AccentColor;
				CODE_SIGN_STYLE = Automatic;
				CURRENT_PROJECT_VERSION = 1;
				DEVELOPMENT_ASSET_PATHS = "\"Udder/Preview Content\"";
				ENABLE_PREVIEWS = YES;
				GENERATE_INFOPLIST_FILE = YES;
				INFOPLIST_KEY_UIApplicationSceneManifest_Generation = YES;
				INFOPLIST_KEY_UIApplicationSupportsIndirectInputEvents = YES;
				INFOPLIST_KEY_UILaunchScreen_Generation = YES;
				INFOPLIST_KEY_UISupportedInterfaceOrientations_iPad = "UIInterfaceOrientationPortrait UIInterfaceOrientationPortraitUpsideDown UIInterfaceOrientationLandscapeLeft UIInterfaceOrientationLandscapeRight";
				INFOPLIST_KEY_UISupportedInterfaceOrientations_iPhone = "UIInterfaceOrientationPortrait UIInterfaceOrientationLandscapeLeft UIInterfaceOrientationLandscapeRight";
				LD_RUNPATH_SEARCH_PATHS = (
					"$(inherited)",
					"@executable_path/Frameworks",
				);
				MARKETING_VERSION = 1.0;
				PRODUCT_BUNDLE_IDENTIFIER = dps.Udder;
				PRODUCT_NAME = "$(TARGET_NAME)";
				SWIFT_EMIT_LOC_STRINGS = YES;
				SWIFT_VERSION = 5.0;
				TARGETED_DEVICE_FAMILY = "1,2";
			};
			name = Debug;
		};
		2865E0022BDBEE3700BC713B /* Release */ = {
			isa = XCBuildConfiguration;
			buildSettings = {
				ASSETCATALOG_COMPILER_APPICON_NAME = AppIcon;
				ASSETCATALOG_COMPILER_GLOBAL_ACCENT_COLOR_NAME = AccentColor;
				CODE_SIGN_STYLE = Automatic;
				CURRENT_PROJECT_VERSION = 1;
				DEVELOPMENT_ASSET_PATHS = "\"Udder/Preview Content\"";
				ENABLE_PREVIEWS = YES;
				GENERATE_INFOPLIST_FILE = YES;
				INFOPLIST_KEY_UIApplicationSceneManifest_Generation = YES;
				INFOPLIST_KEY_UIApplicationSupportsIndirectInputEvents = YES;
				INFOPLIST_KEY_UILaunchScreen_Generation = YES;
				INFOPLIST_KEY_UISupportedInterfaceOrientations_iPad = "UIInterfaceOrientationPortrait UIInterfaceOrientationPortraitUpsideDown UIInterfaceOrientationLandscapeLeft UIInterfaceOrientationLandscapeRight";
				INFOPLIST_KEY_UISupportedInterfaceOrientations_iPhone = "UIInterfaceOrientationPortrait UIInterfaceOrientationLandscapeLeft UIInterfaceOrientationLandscapeRight";
				LD_RUNPATH_SEARCH_PATHS = (
					"$(inherited)",
					"@executable_path/Frameworks",
				);
				MARKETING_VERSION = 1.0;
				PRODUCT_BUNDLE_IDENTIFIER = dps.Udder;
				PRODUCT_NAME = "$(TARGET_NAME)";
				SWIFT_EMIT_LOC_STRINGS = YES;
				SWIFT_VERSION = 5.0;
				TARGETED_DEVICE_FAMILY = "1,2";
			};
			name = Release;
		};
		2865E0042BDBEE3700BC713B /* Debug */ = {
			isa = XCBuildConfiguration;
			buildSettings = {
				ALWAYS_EMBED_SWIFT_STANDARD_LIBRARIES = YES;
				BUNDLE_LOADER = "$(TEST_HOST)";
				CODE_SIGN_STYLE = Automatic;
				CURRENT_PROJECT_VERSION = 1;
				GENERATE_INFOPLIST_FILE = YES;
				IPHONEOS_DEPLOYMENT_TARGET = 17.4;
				MARKETING_VERSION = 1.0;
				PRODUCT_BUNDLE_IDENTIFIER = dps.UdderTests;
				PRODUCT_NAME = "$(TARGET_NAME)";
				SWIFT_EMIT_LOC_STRINGS = NO;
				SWIFT_VERSION = 5.0;
				TARGETED_DEVICE_FAMILY = "1,2";
				TEST_HOST = "$(BUILT_PRODUCTS_DIR)/Udder.app/$(BUNDLE_EXECUTABLE_FOLDER_PATH)/Udder";
			};
			name = Debug;
		};
		2865E0052BDBEE3700BC713B /* Release */ = {
			isa = XCBuildConfiguration;
			buildSettings = {
				ALWAYS_EMBED_SWIFT_STANDARD_LIBRARIES = YES;
				BUNDLE_LOADER = "$(TEST_HOST)";
				CODE_SIGN_STYLE = Automatic;
				CURRENT_PROJECT_VERSION = 1;
				GENERATE_INFOPLIST_FILE = YES;
				IPHONEOS_DEPLOYMENT_TARGET = 17.4;
				MARKETING_VERSION = 1.0;
				PRODUCT_BUNDLE_IDENTIFIER = dps.UdderTests;
				PRODUCT_NAME = "$(TARGET_NAME)";
				SWIFT_EMIT_LOC_STRINGS = NO;
				SWIFT_VERSION = 5.0;
				TARGETED_DEVICE_FAMILY = "1,2";
				TEST_HOST = "$(BUILT_PRODUCTS_DIR)/Udder.app/$(BUNDLE_EXECUTABLE_FOLDER_PATH)/Udder";
			};
			name = Release;
		};
		2865E0072BDBEE3700BC713B /* Debug */ = {
			isa = XCBuildConfiguration;
			buildSettings = {
				ALWAYS_EMBED_SWIFT_STANDARD_LIBRARIES = YES;
				CODE_SIGN_STYLE = Automatic;
				CURRENT_PROJECT_VERSION = 1;
				GENERATE_INFOPLIST_FILE = YES;
				MARKETING_VERSION = 1.0;
				PRODUCT_BUNDLE_IDENTIFIER = dps.UdderUITests;
				PRODUCT_NAME = "$(TARGET_NAME)";
				SWIFT_EMIT_LOC_STRINGS = NO;
				SWIFT_VERSION = 5.0;
				TARGETED_DEVICE_FAMILY = "1,2";
				TEST_TARGET_NAME = Udder;
			};
			name = Debug;
		};
		2865E0082BDBEE3700BC713B /* Release */ = {
			isa = XCBuildConfiguration;
			buildSettings = {
				ALWAYS_EMBED_SWIFT_STANDARD_LIBRARIES = YES;
				CODE_SIGN_STYLE = Automatic;
				CURRENT_PROJECT_VERSION = 1;
				GENERATE_INFOPLIST_FILE = YES;
				MARKETING_VERSION = 1.0;
				PRODUCT_BUNDLE_IDENTIFIER = dps.UdderUITests;
				PRODUCT_NAME = "$(TARGET_NAME)";
				SWIFT_EMIT_LOC_STRINGS = NO;
				SWIFT_VERSION = 5.0;
				TARGETED_DEVICE_FAMILY = "1,2";
				TEST_TARGET_NAME = Udder;
			};
			name = Release;
		};
/* End XCBuildConfiguration section */

/* Begin XCConfigurationList section */
		2865DFD72BDBEE3600BC713B /* Build configuration list for PBXProject "Udder" */ = {
			isa = XCConfigurationList;
			buildConfigurations = (
				2865DFFE2BDBEE3700BC713B /* Debug */,
				2865DFFF2BDBEE3700BC713B /* Release */,
			);
			defaultConfigurationIsVisible = 0;
			defaultConfigurationName = Release;
		};
		2865E0002BDBEE3700BC713B /* Build configuration list for PBXNativeTarget "Udder" */ = {
			isa = XCConfigurationList;
			buildConfigurations = (
				2865E0012BDBEE3700BC713B /* Debug */,
				2865E0022BDBEE3700BC713B /* Release */,
			);
			defaultConfigurationIsVisible = 0;
			defaultConfigurationName = Release;
		};
		2865E0032BDBEE3700BC713B /* Build configuration list for PBXNativeTarget "UdderTests" */ = {
			isa = XCConfigurationList;
			buildConfigurations = (
				2865E0042BDBEE3700BC713B /* Debug */,
				2865E0052BDBEE3700BC713B /* Release */,
			);
			defaultConfigurationIsVisible = 0;
			defaultConfigurationName = Release;
		};
		2865E0062BDBEE3700BC713B /* Build configuration list for PBXNativeTarget "UdderUITests" */ = {
			isa = XCConfigurationList;
			buildConfigurations = (
				2865E0072BDBEE3700BC713B /* Debug */,
				2865E0082BDBEE3700BC713B /* Release */,
			);
			defaultConfigurationIsVisible = 0;
			defaultConfigurationName = Release;
		};
/* End XCConfigurationList section */
	};
	rootObject = 2865DFD42BDBEE3600BC713B /* Project object */;
}
